
Microsoft Visual Studio Solution File, Format Version 12.00
# Visual Studio Version 17
VisualStudioVersion = 17.9.34616.47
MinimumVisualStudioVersion = 10.0.40219.1
Project("{8BC9CEB8-8B4A-11D0-8D11-00A0C91BC942}") = "src", "src.vcxproj", "{E70737C3-14C0-4355-A6AF-655AA266266D}"
EndProject
Global
	GlobalSection(SolutionConfigurationPlatforms) = preSolution
		Debug|x64 = Debug|x64
		Debug|x86 = Debug|x86
		Release|x64 = Release|x64
		Release|x86 = Release|x86
	EndGlobalSection
	GlobalSection(ProjectConfigurationPlatforms) = postSolution
		{E70737C3-14C0-4355-A6AF-655AA266266D}.Debug|x64.ActiveCfg = Debug|x64
		{E70737C3-14C0-4355-A6AF-655AA266266D}.Debug|x64.Build.0 = Debug|x64
		{E70737C3-14C0-4355-A6AF-655AA266266D}.Debug|x86.ActiveCfg = Debug|Win32
		{E70737C3-14C0-4355-A6AF-655AA266266D}.Debug|x86.Build.0 = Debug|Win32
		{E70737C3-14C0-4355-A6AF-655AA266266D}.Release|x64.ActiveCfg = Release|x64
		{E70737C3-14C0-4355-A6AF-655AA266266D}.Release|x64.Build.0 = Release|x64
		{E70737C3-14C0-4355-A6AF-655AA266266D}.Release|x86.ActiveCfg = Release|Win32
		{E70737C3-14C0-4355-A6AF-655AA266266D}.Release|x86.Build.0 = Release|Win32
	EndGlobalSection
	GlobalSection(SolutionProperties) = preSolution
		HideSolutionNode = FALSE
	EndGlobalSection
	GlobalSection(ExtensibilityGlobals) = postSolution
		SolutionGuid = {5B42674E-D7DD-402D-B556-7474BE4C44A0}
	EndGlobalSection
EndGlobal
